
Microsoft Visual Studio Solution File, Format Version 12.00
# Visual Studio Version 17
VisualStudioVersion = 17.7.34031.279
MinimumVisualStudioVersion = 10.0.40219.1
Project("{9A19103F-16F7-4668-BE54-9A1E7A4F7556}") = "demo_08", "demo_08.csproj", "{90742898-5369-4426-9595-8E9E57E80AD1}"
EndProject
Global
	GlobalSection(SolutionConfigurationPlatforms) = preSolution
		Debug|Any CPU = Debug|Any CPU
		Release|Any CPU = Release|Any CPU
	EndGlobalSection
	GlobalSection(ProjectConfigurationPlatforms) = postSolution
		{90742898-5369-4426-9595-8E9E57E80AD1}.Debug|Any CPU.ActiveCfg = Debug|Any CPU
		{90742898-5369-4426-9595-8E9E57E80AD1}.Debug|Any CPU.Build.0 = Debug|Any CPU
		{90742898-5369-4426-9595-8E9E57E80AD1}.Release|Any CPU.ActiveCfg = Release|Any CPU
		{90742898-5369-4426-9595-8E9E57E80AD1}.Release|Any CPU.Build.0 = Release|Any CPU
	EndGlobalSection
	GlobalSection(SolutionProperties) = preSolution
		HideSolutionNode = FALSE
	EndGlobalSection
	GlobalSection(ExtensibilityGlobals) = postSolution
		SolutionGuid = {51F01258-D3AA-4BC2-B58E-9A48AC75D65C}
	EndGlobalSection
EndGlobal
