
Microsoft Visual Studio Solution File, Format Version 12.00
# Visual Studio Version 17
VisualStudioVersion = 17.7.34031.279
MinimumVisualStudioVersion = 10.0.40219.1
Project("{9A19103F-16F7-4668-BE54-9A1E7A4F7556}") = "demo_34", "demo_34.csproj", "{94A08FFC-BC51-430B-A812-8028A18EE309}"
EndProject
Global
	GlobalSection(SolutionConfigurationPlatforms) = preSolution
		Debug|Any CPU = Debug|Any CPU
		Release|Any CPU = Release|Any CPU
	EndGlobalSection
	GlobalSection(ProjectConfigurationPlatforms) = postSolution
		{94A08FFC-BC51-430B-A812-8028A18EE309}.Debug|Any CPU.ActiveCfg = Debug|Any CPU
		{94A08FFC-BC51-430B-A812-8028A18EE309}.Debug|Any CPU.Build.0 = Debug|Any CPU
		{94A08FFC-BC51-430B-A812-8028A18EE309}.Release|Any CPU.ActiveCfg = Release|Any CPU
		{94A08FFC-BC51-430B-A812-8028A18EE309}.Release|Any CPU.Build.0 = Release|Any CPU
	EndGlobalSection
	GlobalSection(SolutionProperties) = preSolution
		HideSolutionNode = FALSE
	EndGlobalSection
	GlobalSection(ExtensibilityGlobals) = postSolution
		SolutionGuid = {FE25D0BB-9ADA-4C11-AE3F-EB93EB699944}
	EndGlobalSection
EndGlobal
