
Microsoft Visual Studio Solution File, Format Version 12.00
# Visual Studio Version 17
VisualStudioVersion = 17.7.34031.279
MinimumVisualStudioVersion = 10.0.40219.1
Project("{9A19103F-16F7-4668-BE54-9A1E7A4F7556}") = "demo_32", "demo_32.csproj", "{16A006FB-19AC-410D-A9F3-4125F6A657F7}"
EndProject
Global
	GlobalSection(SolutionConfigurationPlatforms) = preSolution
		Debug|Any CPU = Debug|Any CPU
		Release|Any CPU = Release|Any CPU
	EndGlobalSection
	GlobalSection(ProjectConfigurationPlatforms) = postSolution
		{16A006FB-19AC-410D-A9F3-4125F6A657F7}.Debug|Any CPU.ActiveCfg = Debug|Any CPU
		{16A006FB-19AC-410D-A9F3-4125F6A657F7}.Debug|Any CPU.Build.0 = Debug|Any CPU
		{16A006FB-19AC-410D-A9F3-4125F6A657F7}.Release|Any CPU.ActiveCfg = Release|Any CPU
		{16A006FB-19AC-410D-A9F3-4125F6A657F7}.Release|Any CPU.Build.0 = Release|Any CPU
	EndGlobalSection
	GlobalSection(SolutionProperties) = preSolution
		HideSolutionNode = FALSE
	EndGlobalSection
	GlobalSection(ExtensibilityGlobals) = postSolution
		SolutionGuid = {B200AF5A-A2B7-45F5-BFE6-6DCB63A337EB}
	EndGlobalSection
EndGlobal
