
Microsoft Visual Studio Solution File, Format Version 12.00
# Visual Studio Version 17
VisualStudioVersion = 17.7.34202.233
MinimumVisualStudioVersion = 10.0.40219.1
Project("{9A19103F-16F7-4668-BE54-9A1E7A4F7556}") = "demo_46", "demo_46.csproj", "{888B2204-7708-4EBB-95F2-01DB14369DFA}"
EndProject
Global
	GlobalSection(SolutionConfigurationPlatforms) = preSolution
		Debug|Any CPU = Debug|Any CPU
		Release|Any CPU = Release|Any CPU
	EndGlobalSection
	GlobalSection(ProjectConfigurationPlatforms) = postSolution
		{888B2204-7708-4EBB-95F2-01DB14369DFA}.Debug|Any CPU.ActiveCfg = Debug|Any CPU
		{888B2204-7708-4EBB-95F2-01DB14369DFA}.Debug|Any CPU.Build.0 = Debug|Any CPU
		{888B2204-7708-4EBB-95F2-01DB14369DFA}.Release|Any CPU.ActiveCfg = Release|Any CPU
		{888B2204-7708-4EBB-95F2-01DB14369DFA}.Release|Any CPU.Build.0 = Release|Any CPU
	EndGlobalSection
	GlobalSection(SolutionProperties) = preSolution
		HideSolutionNode = FALSE
	EndGlobalSection
	GlobalSection(ExtensibilityGlobals) = postSolution
		SolutionGuid = {7045EDC2-B10A-4932-85F5-450FB36ED6BF}
	EndGlobalSection
EndGlobal
