
Microsoft Visual Studio Solution File, Format Version 12.00
# Visual Studio Version 17
VisualStudioVersion = 17.7.34202.233
MinimumVisualStudioVersion = 10.0.40219.1
Project("{9A19103F-16F7-4668-BE54-9A1E7A4F7556}") = "demo_75", "demo_75.csproj", "{F5971486-D03F-49D3-9725-01A06C6E5D9A}"
EndProject
Global
	GlobalSection(SolutionConfigurationPlatforms) = preSolution
		Debug|Any CPU = Debug|Any CPU
		Release|Any CPU = Release|Any CPU
	EndGlobalSection
	GlobalSection(ProjectConfigurationPlatforms) = postSolution
		{F5971486-D03F-49D3-9725-01A06C6E5D9A}.Debug|Any CPU.ActiveCfg = Debug|Any CPU
		{F5971486-D03F-49D3-9725-01A06C6E5D9A}.Debug|Any CPU.Build.0 = Debug|Any CPU
		{F5971486-D03F-49D3-9725-01A06C6E5D9A}.Release|Any CPU.ActiveCfg = Release|Any CPU
		{F5971486-D03F-49D3-9725-01A06C6E5D9A}.Release|Any CPU.Build.0 = Release|Any CPU
	EndGlobalSection
	GlobalSection(SolutionProperties) = preSolution
		HideSolutionNode = FALSE
	EndGlobalSection
	GlobalSection(ExtensibilityGlobals) = postSolution
		SolutionGuid = {4D136238-4048-476F-9934-C681AE244407}
	EndGlobalSection
EndGlobal
