
Microsoft Visual Studio Solution File, Format Version 12.00
# Visual Studio Version 17
VisualStudioVersion = 17.7.34031.279
MinimumVisualStudioVersion = 10.0.40219.1
Project("{9A19103F-16F7-4668-BE54-9A1E7A4F7556}") = "demo_18", "demo_18.csproj", "{DE64472C-9B15-4B07-91FD-5D1C8D3A3858}"
EndProject
Global
	GlobalSection(SolutionConfigurationPlatforms) = preSolution
		Debug|Any CPU = Debug|Any CPU
		Release|Any CPU = Release|Any CPU
	EndGlobalSection
	GlobalSection(ProjectConfigurationPlatforms) = postSolution
		{DE64472C-9B15-4B07-91FD-5D1C8D3A3858}.Debug|Any CPU.ActiveCfg = Debug|Any CPU
		{DE64472C-9B15-4B07-91FD-5D1C8D3A3858}.Debug|Any CPU.Build.0 = Debug|Any CPU
		{DE64472C-9B15-4B07-91FD-5D1C8D3A3858}.Release|Any CPU.ActiveCfg = Release|Any CPU
		{DE64472C-9B15-4B07-91FD-5D1C8D3A3858}.Release|Any CPU.Build.0 = Release|Any CPU
	EndGlobalSection
	GlobalSection(SolutionProperties) = preSolution
		HideSolutionNode = FALSE
	EndGlobalSection
	GlobalSection(ExtensibilityGlobals) = postSolution
		SolutionGuid = {8F915291-1111-414D-92E7-4616C1091663}
	EndGlobalSection
EndGlobal
