
Microsoft Visual Studio Solution File, Format Version 12.00
# Visual Studio Version 17
VisualStudioVersion = 17.7.34031.279
MinimumVisualStudioVersion = 10.0.40219.1
Project("{9A19103F-16F7-4668-BE54-9A1E7A4F7556}") = "demo_05", "demo_05.csproj", "{20F1672F-65E3-420F-8B46-9A6020F072FD}"
EndProject
Global
	GlobalSection(SolutionConfigurationPlatforms) = preSolution
		Debug|Any CPU = Debug|Any CPU
		Release|Any CPU = Release|Any CPU
	EndGlobalSection
	GlobalSection(ProjectConfigurationPlatforms) = postSolution
		{20F1672F-65E3-420F-8B46-9A6020F072FD}.Debug|Any CPU.ActiveCfg = Debug|Any CPU
		{20F1672F-65E3-420F-8B46-9A6020F072FD}.Debug|Any CPU.Build.0 = Debug|Any CPU
		{20F1672F-65E3-420F-8B46-9A6020F072FD}.Release|Any CPU.ActiveCfg = Release|Any CPU
		{20F1672F-65E3-420F-8B46-9A6020F072FD}.Release|Any CPU.Build.0 = Release|Any CPU
	EndGlobalSection
	GlobalSection(SolutionProperties) = preSolution
		HideSolutionNode = FALSE
	EndGlobalSection
	GlobalSection(ExtensibilityGlobals) = postSolution
		SolutionGuid = {6A6B8DFC-64DA-4EA2-B33A-86E2E16A4A06}
	EndGlobalSection
EndGlobal
