
Microsoft Visual Studio Solution File, Format Version 12.00
# Visual Studio Version 17
VisualStudioVersion = 17.7.34031.279
MinimumVisualStudioVersion = 10.0.40219.1
Project("{9A19103F-16F7-4668-BE54-9A1E7A4F7556}") = "demo_06", "demo_06.csproj", "{A2F6ABE7-6EB2-43B8-BE18-FCE1A0FC0D78}"
EndProject
Global
	GlobalSection(SolutionConfigurationPlatforms) = preSolution
		Debug|Any CPU = Debug|Any CPU
		Release|Any CPU = Release|Any CPU
	EndGlobalSection
	GlobalSection(ProjectConfigurationPlatforms) = postSolution
		{A2F6ABE7-6EB2-43B8-BE18-FCE1A0FC0D78}.Debug|Any CPU.ActiveCfg = Debug|Any CPU
		{A2F6ABE7-6EB2-43B8-BE18-FCE1A0FC0D78}.Debug|Any CPU.Build.0 = Debug|Any CPU
		{A2F6ABE7-6EB2-43B8-BE18-FCE1A0FC0D78}.Release|Any CPU.ActiveCfg = Release|Any CPU
		{A2F6ABE7-6EB2-43B8-BE18-FCE1A0FC0D78}.Release|Any CPU.Build.0 = Release|Any CPU
	EndGlobalSection
	GlobalSection(SolutionProperties) = preSolution
		HideSolutionNode = FALSE
	EndGlobalSection
	GlobalSection(ExtensibilityGlobals) = postSolution
		SolutionGuid = {9F754661-293A-4EC5-968C-E36357E909B7}
	EndGlobalSection
EndGlobal
