
Microsoft Visual Studio Solution File, Format Version 12.00
# Visual Studio Version 17
VisualStudioVersion = 17.7.34031.279
MinimumVisualStudioVersion = 10.0.40219.1
Project("{9A19103F-16F7-4668-BE54-9A1E7A4F7556}") = "demo_22", "demo_22.csproj", "{3B1F34F0-A9D5-4F9C-9CBB-9527C2BFFC6A}"
EndProject
Global
	GlobalSection(SolutionConfigurationPlatforms) = preSolution
		Debug|Any CPU = Debug|Any CPU
		Release|Any CPU = Release|Any CPU
	EndGlobalSection
	GlobalSection(ProjectConfigurationPlatforms) = postSolution
		{3B1F34F0-A9D5-4F9C-9CBB-9527C2BFFC6A}.Debug|Any CPU.ActiveCfg = Debug|Any CPU
		{3B1F34F0-A9D5-4F9C-9CBB-9527C2BFFC6A}.Debug|Any CPU.Build.0 = Debug|Any CPU
		{3B1F34F0-A9D5-4F9C-9CBB-9527C2BFFC6A}.Release|Any CPU.ActiveCfg = Release|Any CPU
		{3B1F34F0-A9D5-4F9C-9CBB-9527C2BFFC6A}.Release|Any CPU.Build.0 = Release|Any CPU
	EndGlobalSection
	GlobalSection(SolutionProperties) = preSolution
		HideSolutionNode = FALSE
	EndGlobalSection
	GlobalSection(ExtensibilityGlobals) = postSolution
		SolutionGuid = {2F80E5F3-B0A2-4978-B81C-5C643BF8C58D}
	EndGlobalSection
EndGlobal
