
Microsoft Visual Studio Solution File, Format Version 12.00
# Visual Studio Version 17
VisualStudioVersion = 17.7.34031.279
MinimumVisualStudioVersion = 10.0.40219.1
Project("{9A19103F-16F7-4668-BE54-9A1E7A4F7556}") = "demo_35", "demo_35.csproj", "{39B24581-DD7D-4F1C-9ED1-AA0FA17A45EA}"
EndProject
Global
	GlobalSection(SolutionConfigurationPlatforms) = preSolution
		Debug|Any CPU = Debug|Any CPU
		Release|Any CPU = Release|Any CPU
	EndGlobalSection
	GlobalSection(ProjectConfigurationPlatforms) = postSolution
		{39B24581-DD7D-4F1C-9ED1-AA0FA17A45EA}.Debug|Any CPU.ActiveCfg = Debug|Any CPU
		{39B24581-DD7D-4F1C-9ED1-AA0FA17A45EA}.Debug|Any CPU.Build.0 = Debug|Any CPU
		{39B24581-DD7D-4F1C-9ED1-AA0FA17A45EA}.Release|Any CPU.ActiveCfg = Release|Any CPU
		{39B24581-DD7D-4F1C-9ED1-AA0FA17A45EA}.Release|Any CPU.Build.0 = Release|Any CPU
	EndGlobalSection
	GlobalSection(SolutionProperties) = preSolution
		HideSolutionNode = FALSE
	EndGlobalSection
	GlobalSection(ExtensibilityGlobals) = postSolution
		SolutionGuid = {41D978B1-8BA9-45A2-9076-09BC6FA5F196}
	EndGlobalSection
EndGlobal
