
Microsoft Visual Studio Solution File, Format Version 12.00
# Visual Studio Version 17
VisualStudioVersion = 17.7.34031.279
MinimumVisualStudioVersion = 10.0.40219.1
Project("{9A19103F-16F7-4668-BE54-9A1E7A4F7556}") = "demo_12", "demo_12.csproj", "{7F011051-8E9D-4F79-B479-417F84B69EE7}"
EndProject
Global
	GlobalSection(SolutionConfigurationPlatforms) = preSolution
		Debug|Any CPU = Debug|Any CPU
		Release|Any CPU = Release|Any CPU
	EndGlobalSection
	GlobalSection(ProjectConfigurationPlatforms) = postSolution
		{7F011051-8E9D-4F79-B479-417F84B69EE7}.Debug|Any CPU.ActiveCfg = Debug|Any CPU
		{7F011051-8E9D-4F79-B479-417F84B69EE7}.Debug|Any CPU.Build.0 = Debug|Any CPU
		{7F011051-8E9D-4F79-B479-417F84B69EE7}.Release|Any CPU.ActiveCfg = Release|Any CPU
		{7F011051-8E9D-4F79-B479-417F84B69EE7}.Release|Any CPU.Build.0 = Release|Any CPU
	EndGlobalSection
	GlobalSection(SolutionProperties) = preSolution
		HideSolutionNode = FALSE
	EndGlobalSection
	GlobalSection(ExtensibilityGlobals) = postSolution
		SolutionGuid = {950A6049-0D16-4DD3-8A9D-3B84A3C715B0}
	EndGlobalSection
EndGlobal
