
Microsoft Visual Studio Solution File, Format Version 12.00
# Visual Studio Version 17
VisualStudioVersion = 17.7.34202.233
MinimumVisualStudioVersion = 10.0.40219.1
Project("{9A19103F-16F7-4668-BE54-9A1E7A4F7556}") = "demo_52", "demo_52.csproj", "{DFB3E8DB-9EDF-49CC-90F8-7022ABD885B5}"
EndProject
Global
	GlobalSection(SolutionConfigurationPlatforms) = preSolution
		Debug|Any CPU = Debug|Any CPU
		Release|Any CPU = Release|Any CPU
	EndGlobalSection
	GlobalSection(ProjectConfigurationPlatforms) = postSolution
		{DFB3E8DB-9EDF-49CC-90F8-7022ABD885B5}.Debug|Any CPU.ActiveCfg = Debug|Any CPU
		{DFB3E8DB-9EDF-49CC-90F8-7022ABD885B5}.Debug|Any CPU.Build.0 = Debug|Any CPU
		{DFB3E8DB-9EDF-49CC-90F8-7022ABD885B5}.Release|Any CPU.ActiveCfg = Release|Any CPU
		{DFB3E8DB-9EDF-49CC-90F8-7022ABD885B5}.Release|Any CPU.Build.0 = Release|Any CPU
	EndGlobalSection
	GlobalSection(SolutionProperties) = preSolution
		HideSolutionNode = FALSE
	EndGlobalSection
	GlobalSection(ExtensibilityGlobals) = postSolution
		SolutionGuid = {1532A77B-DD9F-49C0-B3B7-B3D3888EE9FC}
	EndGlobalSection
EndGlobal
