
Microsoft Visual Studio Solution File, Format Version 12.00
# Visual Studio Version 17
VisualStudioVersion = 17.7.34302.85
MinimumVisualStudioVersion = 10.0.40219.1
Project("{9A19103F-16F7-4668-BE54-9A1E7A4F7556}") = "demo_97", "demo_97.csproj", "{95129983-F339-4B60-A296-9BA32C837CEC}"
EndProject
Global
	GlobalSection(SolutionConfigurationPlatforms) = preSolution
		Debug|Any CPU = Debug|Any CPU
		Release|Any CPU = Release|Any CPU
	EndGlobalSection
	GlobalSection(ProjectConfigurationPlatforms) = postSolution
		{95129983-F339-4B60-A296-9BA32C837CEC}.Debug|Any CPU.ActiveCfg = Debug|Any CPU
		{95129983-F339-4B60-A296-9BA32C837CEC}.Debug|Any CPU.Build.0 = Debug|Any CPU
		{95129983-F339-4B60-A296-9BA32C837CEC}.Release|Any CPU.ActiveCfg = Release|Any CPU
		{95129983-F339-4B60-A296-9BA32C837CEC}.Release|Any CPU.Build.0 = Release|Any CPU
	EndGlobalSection
	GlobalSection(SolutionProperties) = preSolution
		HideSolutionNode = FALSE
	EndGlobalSection
	GlobalSection(ExtensibilityGlobals) = postSolution
		SolutionGuid = {6845718B-B81E-4910-8D6F-5B5146B4B7A4}
	EndGlobalSection
EndGlobal
