
Microsoft Visual Studio Solution File, Format Version 12.00
# Visual Studio Version 17
VisualStudioVersion = 17.7.34202.233
MinimumVisualStudioVersion = 10.0.40219.1
Project("{9A19103F-16F7-4668-BE54-9A1E7A4F7556}") = "demo_69", "demo_69.csproj", "{D6B4E77F-2EDD-48D5-9AFD-39B8942C374B}"
EndProject
Global
	GlobalSection(SolutionConfigurationPlatforms) = preSolution
		Debug|Any CPU = Debug|Any CPU
		Release|Any CPU = Release|Any CPU
	EndGlobalSection
	GlobalSection(ProjectConfigurationPlatforms) = postSolution
		{D6B4E77F-2EDD-48D5-9AFD-39B8942C374B}.Debug|Any CPU.ActiveCfg = Debug|Any CPU
		{D6B4E77F-2EDD-48D5-9AFD-39B8942C374B}.Debug|Any CPU.Build.0 = Debug|Any CPU
		{D6B4E77F-2EDD-48D5-9AFD-39B8942C374B}.Release|Any CPU.ActiveCfg = Release|Any CPU
		{D6B4E77F-2EDD-48D5-9AFD-39B8942C374B}.Release|Any CPU.Build.0 = Release|Any CPU
	EndGlobalSection
	GlobalSection(SolutionProperties) = preSolution
		HideSolutionNode = FALSE
	EndGlobalSection
	GlobalSection(ExtensibilityGlobals) = postSolution
		SolutionGuid = {7D3A3F5A-1D60-4177-8C9C-991192272BCA}
	EndGlobalSection
EndGlobal
