
Microsoft Visual Studio Solution File, Format Version 12.00
# Visual Studio Version 17
VisualStudioVersion = 17.7.34031.279
MinimumVisualStudioVersion = 10.0.40219.1
Project("{9A19103F-16F7-4668-BE54-9A1E7A4F7556}") = "demo_01", "demo_01.csproj", "{20F197C6-32F5-4D7E-A7A0-154EF3B2E20F}"
EndProject
Project("{FAE04EC0-301F-11D3-BF4B-00C04F79EFBC}") = "ConsoleApp1", "..\ConsoleApp1\ConsoleApp1.csproj", "{F4491F99-D31D-46EC-BA0F-27321D95CF46}"
EndProject
Global
	GlobalSection(SolutionConfigurationPlatforms) = preSolution
		Debug|Any CPU = Debug|Any CPU
		Release|Any CPU = Release|Any CPU
	EndGlobalSection
	GlobalSection(ProjectConfigurationPlatforms) = postSolution
		{20F197C6-32F5-4D7E-A7A0-154EF3B2E20F}.Debug|Any CPU.ActiveCfg = Debug|Any CPU
		{20F197C6-32F5-4D7E-A7A0-154EF3B2E20F}.Debug|Any CPU.Build.0 = Debug|Any CPU
		{20F197C6-32F5-4D7E-A7A0-154EF3B2E20F}.Release|Any CPU.ActiveCfg = Release|Any CPU
		{20F197C6-32F5-4D7E-A7A0-154EF3B2E20F}.Release|Any CPU.Build.0 = Release|Any CPU
		{F4491F99-D31D-46EC-BA0F-27321D95CF46}.Debug|Any CPU.ActiveCfg = Debug|Any CPU
		{F4491F99-D31D-46EC-BA0F-27321D95CF46}.Debug|Any CPU.Build.0 = Debug|Any CPU
		{F4491F99-D31D-46EC-BA0F-27321D95CF46}.Release|Any CPU.ActiveCfg = Release|Any CPU
		{F4491F99-D31D-46EC-BA0F-27321D95CF46}.Release|Any CPU.Build.0 = Release|Any CPU
	EndGlobalSection
	GlobalSection(SolutionProperties) = preSolution
		HideSolutionNode = FALSE
	EndGlobalSection
	GlobalSection(ExtensibilityGlobals) = postSolution
		SolutionGuid = {ACAEB330-21C6-4175-B797-FC42031068CE}
	EndGlobalSection
EndGlobal
