
Microsoft Visual Studio Solution File, Format Version 12.00
# Visual Studio Version 17
VisualStudioVersion = 17.7.34202.233
MinimumVisualStudioVersion = 10.0.40219.1
Project("{9A19103F-16F7-4668-BE54-9A1E7A4F7556}") = "demo_43", "demo_43.csproj", "{C1C75409-5739-45C2-AD5D-68D562FA3495}"
EndProject
Global
	GlobalSection(SolutionConfigurationPlatforms) = preSolution
		Debug|Any CPU = Debug|Any CPU
		Release|Any CPU = Release|Any CPU
	EndGlobalSection
	GlobalSection(ProjectConfigurationPlatforms) = postSolution
		{C1C75409-5739-45C2-AD5D-68D562FA3495}.Debug|Any CPU.ActiveCfg = Debug|Any CPU
		{C1C75409-5739-45C2-AD5D-68D562FA3495}.Debug|Any CPU.Build.0 = Debug|Any CPU
		{C1C75409-5739-45C2-AD5D-68D562FA3495}.Release|Any CPU.ActiveCfg = Release|Any CPU
		{C1C75409-5739-45C2-AD5D-68D562FA3495}.Release|Any CPU.Build.0 = Release|Any CPU
	EndGlobalSection
	GlobalSection(SolutionProperties) = preSolution
		HideSolutionNode = FALSE
	EndGlobalSection
	GlobalSection(ExtensibilityGlobals) = postSolution
		SolutionGuid = {AA1DAB38-6477-4243-935D-1C9A0229625B}
	EndGlobalSection
EndGlobal
