
Microsoft Visual Studio Solution File, Format Version 12.00
# Visual Studio Version 17
VisualStudioVersion = 17.7.34202.233
MinimumVisualStudioVersion = 10.0.40219.1
Project("{9A19103F-16F7-4668-BE54-9A1E7A4F7556}") = "demo_48", "demo_48.csproj", "{55FCFF9A-70F7-40FD-BD90-372AA4F65ACD}"
EndProject
Global
	GlobalSection(SolutionConfigurationPlatforms) = preSolution
		Debug|Any CPU = Debug|Any CPU
		Release|Any CPU = Release|Any CPU
	EndGlobalSection
	GlobalSection(ProjectConfigurationPlatforms) = postSolution
		{55FCFF9A-70F7-40FD-BD90-372AA4F65ACD}.Debug|Any CPU.ActiveCfg = Debug|Any CPU
		{55FCFF9A-70F7-40FD-BD90-372AA4F65ACD}.Debug|Any CPU.Build.0 = Debug|Any CPU
		{55FCFF9A-70F7-40FD-BD90-372AA4F65ACD}.Release|Any CPU.ActiveCfg = Release|Any CPU
		{55FCFF9A-70F7-40FD-BD90-372AA4F65ACD}.Release|Any CPU.Build.0 = Release|Any CPU
	EndGlobalSection
	GlobalSection(SolutionProperties) = preSolution
		HideSolutionNode = FALSE
	EndGlobalSection
	GlobalSection(ExtensibilityGlobals) = postSolution
		SolutionGuid = {10FBC68E-338A-49CC-BCD9-92E9D69CE395}
	EndGlobalSection
EndGlobal
