
Microsoft Visual Studio Solution File, Format Version 12.00
# Visual Studio Version 17
VisualStudioVersion = 17.7.34031.279
MinimumVisualStudioVersion = 10.0.40219.1
Project("{9A19103F-16F7-4668-BE54-9A1E7A4F7556}") = "demo_27", "demo_27.csproj", "{8BCB4313-D889-44A2-908C-941D540020D8}"
EndProject
Global
	GlobalSection(SolutionConfigurationPlatforms) = preSolution
		Debug|Any CPU = Debug|Any CPU
		Release|Any CPU = Release|Any CPU
	EndGlobalSection
	GlobalSection(ProjectConfigurationPlatforms) = postSolution
		{8BCB4313-D889-44A2-908C-941D540020D8}.Debug|Any CPU.ActiveCfg = Debug|Any CPU
		{8BCB4313-D889-44A2-908C-941D540020D8}.Debug|Any CPU.Build.0 = Debug|Any CPU
		{8BCB4313-D889-44A2-908C-941D540020D8}.Release|Any CPU.ActiveCfg = Release|Any CPU
		{8BCB4313-D889-44A2-908C-941D540020D8}.Release|Any CPU.Build.0 = Release|Any CPU
	EndGlobalSection
	GlobalSection(SolutionProperties) = preSolution
		HideSolutionNode = FALSE
	EndGlobalSection
	GlobalSection(ExtensibilityGlobals) = postSolution
		SolutionGuid = {923B9BD8-3297-484E-AE44-491533BC3A04}
	EndGlobalSection
EndGlobal
