
Microsoft Visual Studio Solution File, Format Version 12.00
# Visual Studio Version 17
VisualStudioVersion = 17.7.34221.43
MinimumVisualStudioVersion = 10.0.40219.1
Project("{9A19103F-16F7-4668-BE54-9A1E7A4F7556}") = "demo_89", "demo_89.csproj", "{260CBB26-781E-482C-831B-059B75C634F0}"
EndProject
Global
	GlobalSection(SolutionConfigurationPlatforms) = preSolution
		Debug|Any CPU = Debug|Any CPU
		Release|Any CPU = Release|Any CPU
	EndGlobalSection
	GlobalSection(ProjectConfigurationPlatforms) = postSolution
		{260CBB26-781E-482C-831B-059B75C634F0}.Debug|Any CPU.ActiveCfg = Debug|Any CPU
		{260CBB26-781E-482C-831B-059B75C634F0}.Debug|Any CPU.Build.0 = Debug|Any CPU
		{260CBB26-781E-482C-831B-059B75C634F0}.Release|Any CPU.ActiveCfg = Release|Any CPU
		{260CBB26-781E-482C-831B-059B75C634F0}.Release|Any CPU.Build.0 = Release|Any CPU
	EndGlobalSection
	GlobalSection(SolutionProperties) = preSolution
		HideSolutionNode = FALSE
	EndGlobalSection
	GlobalSection(ExtensibilityGlobals) = postSolution
		SolutionGuid = {3819AB15-FA73-42D7-9551-739EE5EE2A7E}
	EndGlobalSection
EndGlobal
