
Microsoft Visual Studio Solution File, Format Version 12.00
# Visual Studio Version 17
VisualStudioVersion = 17.7.34202.233
MinimumVisualStudioVersion = 10.0.40219.1
Project("{9A19103F-16F7-4668-BE54-9A1E7A4F7556}") = "demo_57", "demo_57.csproj", "{96B402C4-2596-49C6-B43C-E94F74330DA8}"
EndProject
Global
	GlobalSection(SolutionConfigurationPlatforms) = preSolution
		Debug|Any CPU = Debug|Any CPU
		Release|Any CPU = Release|Any CPU
	EndGlobalSection
	GlobalSection(ProjectConfigurationPlatforms) = postSolution
		{96B402C4-2596-49C6-B43C-E94F74330DA8}.Debug|Any CPU.ActiveCfg = Debug|Any CPU
		{96B402C4-2596-49C6-B43C-E94F74330DA8}.Debug|Any CPU.Build.0 = Debug|Any CPU
		{96B402C4-2596-49C6-B43C-E94F74330DA8}.Release|Any CPU.ActiveCfg = Release|Any CPU
		{96B402C4-2596-49C6-B43C-E94F74330DA8}.Release|Any CPU.Build.0 = Release|Any CPU
	EndGlobalSection
	GlobalSection(SolutionProperties) = preSolution
		HideSolutionNode = FALSE
	EndGlobalSection
	GlobalSection(ExtensibilityGlobals) = postSolution
		SolutionGuid = {CD3D2722-8C3B-427C-9BD2-AC19F3203892}
	EndGlobalSection
EndGlobal
