
Microsoft Visual Studio Solution File, Format Version 12.00
# Visual Studio Version 17
VisualStudioVersion = 17.7.34202.233
MinimumVisualStudioVersion = 10.0.40219.1
Project("{9A19103F-16F7-4668-BE54-9A1E7A4F7556}") = "demo_70", "demo_70.csproj", "{B821DDD9-6993-45CD-A6B9-DA0BE3070239}"
EndProject
Global
	GlobalSection(SolutionConfigurationPlatforms) = preSolution
		Debug|Any CPU = Debug|Any CPU
		Release|Any CPU = Release|Any CPU
	EndGlobalSection
	GlobalSection(ProjectConfigurationPlatforms) = postSolution
		{B821DDD9-6993-45CD-A6B9-DA0BE3070239}.Debug|Any CPU.ActiveCfg = Debug|Any CPU
		{B821DDD9-6993-45CD-A6B9-DA0BE3070239}.Debug|Any CPU.Build.0 = Debug|Any CPU
		{B821DDD9-6993-45CD-A6B9-DA0BE3070239}.Release|Any CPU.ActiveCfg = Release|Any CPU
		{B821DDD9-6993-45CD-A6B9-DA0BE3070239}.Release|Any CPU.Build.0 = Release|Any CPU
	EndGlobalSection
	GlobalSection(SolutionProperties) = preSolution
		HideSolutionNode = FALSE
	EndGlobalSection
	GlobalSection(ExtensibilityGlobals) = postSolution
		SolutionGuid = {0D1BD602-A790-449E-BEF3-10A6705E45E4}
	EndGlobalSection
EndGlobal
