
Microsoft Visual Studio Solution File, Format Version 12.00
# Visual Studio Version 17
VisualStudioVersion = 17.7.34221.43
MinimumVisualStudioVersion = 10.0.40219.1
Project("{9A19103F-16F7-4668-BE54-9A1E7A4F7556}") = "demo_91", "demo_91.csproj", "{43A2DA08-AEEF-43EF-B04B-CB3BECF950FB}"
EndProject
Global
	GlobalSection(SolutionConfigurationPlatforms) = preSolution
		Debug|Any CPU = Debug|Any CPU
		Release|Any CPU = Release|Any CPU
	EndGlobalSection
	GlobalSection(ProjectConfigurationPlatforms) = postSolution
		{43A2DA08-AEEF-43EF-B04B-CB3BECF950FB}.Debug|Any CPU.ActiveCfg = Debug|Any CPU
		{43A2DA08-AEEF-43EF-B04B-CB3BECF950FB}.Debug|Any CPU.Build.0 = Debug|Any CPU
		{43A2DA08-AEEF-43EF-B04B-CB3BECF950FB}.Release|Any CPU.ActiveCfg = Release|Any CPU
		{43A2DA08-AEEF-43EF-B04B-CB3BECF950FB}.Release|Any CPU.Build.0 = Release|Any CPU
	EndGlobalSection
	GlobalSection(SolutionProperties) = preSolution
		HideSolutionNode = FALSE
	EndGlobalSection
	GlobalSection(ExtensibilityGlobals) = postSolution
		SolutionGuid = {2DED9D66-C796-420E-8687-6EB681096FD0}
	EndGlobalSection
EndGlobal
