
Microsoft Visual Studio Solution File, Format Version 12.00
# Visual Studio Version 17
VisualStudioVersion = 17.9.34728.123
MinimumVisualStudioVersion = 10.0.40219.1
Project("{FAE04EC0-301F-11D3-BF4B-00C04F79EFBC}") = "demo_107", "demo_107\demo_107.csproj", "{52943FFA-31DD-4597-89AA-64857CFD4BDF}"
EndProject
Global
	GlobalSection(SolutionConfigurationPlatforms) = preSolution
		Debug|Any CPU = Debug|Any CPU
		Release|Any CPU = Release|Any CPU
	EndGlobalSection
	GlobalSection(ProjectConfigurationPlatforms) = postSolution
		{52943FFA-31DD-4597-89AA-64857CFD4BDF}.Debug|Any CPU.ActiveCfg = Debug|Any CPU
		{52943FFA-31DD-4597-89AA-64857CFD4BDF}.Debug|Any CPU.Build.0 = Debug|Any CPU
		{52943FFA-31DD-4597-89AA-64857CFD4BDF}.Release|Any CPU.ActiveCfg = Release|Any CPU
		{52943FFA-31DD-4597-89AA-64857CFD4BDF}.Release|Any CPU.Build.0 = Release|Any CPU
	EndGlobalSection
	GlobalSection(SolutionProperties) = preSolution
		HideSolutionNode = FALSE
	EndGlobalSection
	GlobalSection(ExtensibilityGlobals) = postSolution
		SolutionGuid = {942BB339-E311-4CB5-BBBF-803C976590B0}
	EndGlobalSection
EndGlobal
