
Microsoft Visual Studio Solution File, Format Version 12.00
# Visual Studio Version 17
VisualStudioVersion = 17.7.34202.233
MinimumVisualStudioVersion = 10.0.40219.1
Project("{9A19103F-16F7-4668-BE54-9A1E7A4F7556}") = "demo_53", "demo_53.csproj", "{E5395D9B-7952-44E5-9A3C-3E16B2316BA2}"
EndProject
Global
	GlobalSection(SolutionConfigurationPlatforms) = preSolution
		Debug|Any CPU = Debug|Any CPU
		Release|Any CPU = Release|Any CPU
	EndGlobalSection
	GlobalSection(ProjectConfigurationPlatforms) = postSolution
		{E5395D9B-7952-44E5-9A3C-3E16B2316BA2}.Debug|Any CPU.ActiveCfg = Debug|Any CPU
		{E5395D9B-7952-44E5-9A3C-3E16B2316BA2}.Debug|Any CPU.Build.0 = Debug|Any CPU
		{E5395D9B-7952-44E5-9A3C-3E16B2316BA2}.Release|Any CPU.ActiveCfg = Release|Any CPU
		{E5395D9B-7952-44E5-9A3C-3E16B2316BA2}.Release|Any CPU.Build.0 = Release|Any CPU
	EndGlobalSection
	GlobalSection(SolutionProperties) = preSolution
		HideSolutionNode = FALSE
	EndGlobalSection
	GlobalSection(ExtensibilityGlobals) = postSolution
		SolutionGuid = {55D70E08-A6FF-4EB1-A246-ACC444758D16}
	EndGlobalSection
EndGlobal
