
Microsoft Visual Studio Solution File, Format Version 12.00
# Visual Studio Version 17
VisualStudioVersion = 17.7.34202.233
MinimumVisualStudioVersion = 10.0.40219.1
Project("{9A19103F-16F7-4668-BE54-9A1E7A4F7556}") = "demo_68", "demo_68.csproj", "{84105E9D-7322-4D1B-9C4E-70A804C1113C}"
EndProject
Global
	GlobalSection(SolutionConfigurationPlatforms) = preSolution
		Debug|Any CPU = Debug|Any CPU
		Release|Any CPU = Release|Any CPU
	EndGlobalSection
	GlobalSection(ProjectConfigurationPlatforms) = postSolution
		{84105E9D-7322-4D1B-9C4E-70A804C1113C}.Debug|Any CPU.ActiveCfg = Debug|Any CPU
		{84105E9D-7322-4D1B-9C4E-70A804C1113C}.Debug|Any CPU.Build.0 = Debug|Any CPU
		{84105E9D-7322-4D1B-9C4E-70A804C1113C}.Release|Any CPU.ActiveCfg = Release|Any CPU
		{84105E9D-7322-4D1B-9C4E-70A804C1113C}.Release|Any CPU.Build.0 = Release|Any CPU
	EndGlobalSection
	GlobalSection(SolutionProperties) = preSolution
		HideSolutionNode = FALSE
	EndGlobalSection
	GlobalSection(ExtensibilityGlobals) = postSolution
		SolutionGuid = {EB17D2BE-88FF-409A-937A-168338A5CA14}
	EndGlobalSection
EndGlobal
