
Microsoft Visual Studio Solution File, Format Version 12.00
# Visual Studio Version 17
VisualStudioVersion = 17.7.34202.233
MinimumVisualStudioVersion = 10.0.40219.1
Project("{9A19103F-16F7-4668-BE54-9A1E7A4F7556}") = "demo_49", "demo_49.csproj", "{1695267F-351D-409D-AD2A-78F305DDE8C2}"
EndProject
Global
	GlobalSection(SolutionConfigurationPlatforms) = preSolution
		Debug|Any CPU = Debug|Any CPU
		Release|Any CPU = Release|Any CPU
	EndGlobalSection
	GlobalSection(ProjectConfigurationPlatforms) = postSolution
		{1695267F-351D-409D-AD2A-78F305DDE8C2}.Debug|Any CPU.ActiveCfg = Debug|Any CPU
		{1695267F-351D-409D-AD2A-78F305DDE8C2}.Debug|Any CPU.Build.0 = Debug|Any CPU
		{1695267F-351D-409D-AD2A-78F305DDE8C2}.Release|Any CPU.ActiveCfg = Release|Any CPU
		{1695267F-351D-409D-AD2A-78F305DDE8C2}.Release|Any CPU.Build.0 = Release|Any CPU
	EndGlobalSection
	GlobalSection(SolutionProperties) = preSolution
		HideSolutionNode = FALSE
	EndGlobalSection
	GlobalSection(ExtensibilityGlobals) = postSolution
		SolutionGuid = {19EF6190-D330-42CE-B599-F945942AAC28}
	EndGlobalSection
EndGlobal
