
Microsoft Visual Studio Solution File, Format Version 12.00
# Visual Studio Version 17
VisualStudioVersion = 17.7.34302.85
MinimumVisualStudioVersion = 10.0.40219.1
Project("{9A19103F-16F7-4668-BE54-9A1E7A4F7556}") = "demo_102", "demo_102.csproj", "{2B671A15-1F2C-4418-9BFC-89D4684B15D8}"
EndProject
Global
	GlobalSection(SolutionConfigurationPlatforms) = preSolution
		Debug|Any CPU = Debug|Any CPU
		Release|Any CPU = Release|Any CPU
	EndGlobalSection
	GlobalSection(ProjectConfigurationPlatforms) = postSolution
		{2B671A15-1F2C-4418-9BFC-89D4684B15D8}.Debug|Any CPU.ActiveCfg = Debug|Any CPU
		{2B671A15-1F2C-4418-9BFC-89D4684B15D8}.Debug|Any CPU.Build.0 = Debug|Any CPU
		{2B671A15-1F2C-4418-9BFC-89D4684B15D8}.Release|Any CPU.ActiveCfg = Release|Any CPU
		{2B671A15-1F2C-4418-9BFC-89D4684B15D8}.Release|Any CPU.Build.0 = Release|Any CPU
	EndGlobalSection
	GlobalSection(SolutionProperties) = preSolution
		HideSolutionNode = FALSE
	EndGlobalSection
	GlobalSection(ExtensibilityGlobals) = postSolution
		SolutionGuid = {A3E66425-73F2-4847-87EF-5205E0BDDDA4}
	EndGlobalSection
EndGlobal
